
Microsoft Visual Studio Solution File, Format Version 12.00
# Visual Studio Version 17
VisualStudioVersion = 17.13.35931.197 d17.13
MinimumVisualStudioVersion = 10.0.40219.1
Project("{8BC9CEB8-8B4A-11D0-8D11-00A0C91BC942}") = "Project1", "Project1\Project1.vcxproj", "{2A3F2F5B-E6DA-463A-A35E-4BE6EB23DA4D}"
EndProject
Global
	GlobalSection(SolutionConfigurationPlatforms) = preSolution
		Debug|x64 = Debug|x64
		Debug|x86 = Debug|x86
		Release|x64 = Release|x64
		Release|x86 = Release|x86
	EndGlobalSection
	GlobalSection(ProjectConfigurationPlatforms) = postSolution
		{2A3F2F5B-E6DA-463A-A35E-4BE6EB23DA4D}.Debug|x64.ActiveCfg = Debug|x64
		{2A3F2F5B-E6DA-463A-A35E-4BE6EB23DA4D}.Debug|x64.Build.0 = Debug|x64
		{2A3F2F5B-E6DA-463A-A35E-4BE6EB23DA4D}.Debug|x86.ActiveCfg = Debug|Win32
		{2A3F2F5B-E6DA-463A-A35E-4BE6EB23DA4D}.Debug|x86.Build.0 = Debug|Win32
		{2A3F2F5B-E6DA-463A-A35E-4BE6EB23DA4D}.Release|x64.ActiveCfg = Release|x64
		{2A3F2F5B-E6DA-463A-A35E-4BE6EB23DA4D}.Release|x64.Build.0 = Release|x64
		{2A3F2F5B-E6DA-463A-A35E-4BE6EB23DA4D}.Release|x86.ActiveCfg = Release|Win32
		{2A3F2F5B-E6DA-463A-A35E-4BE6EB23DA4D}.Release|x86.Build.0 = Release|Win32
	EndGlobalSection
	GlobalSection(SolutionProperties) = preSolution
		HideSolutionNode = FALSE
	EndGlobalSection
	GlobalSection(ExtensibilityGlobals) = postSolution
		SolutionGuid = {F2C6F7B6-D738-4A4F-9606-6E80FF9BF19F}
	EndGlobalSection
EndGlobal
